// !$*UTF8*$!
{
	archiveVersion = 1;
	classes = {
	};
	objectVersion = 46;
	objects = {

/* Begin PBXBuildFile section */
		7E2ADC631A098E6500370DF4 /* AppDelegate.swift in Sources */ = {isa = PBXBuildFile; fileRef = 7E2ADC621A098E6500370DF4 /* AppDelegate.swift */; };
		7E2ADC661A098E6500370DF4 /* Where_In_The_World_.xcdatamodeld in Sources */ = {isa = PBXBuildFile; fileRef = 7E2ADC641A098E6500370DF4 /* Where_In_The_World_.xcdatamodeld */; };
		7E2ADC681A098E6500370DF4 /* MapViewController.swift in Sources */ = {isa = PBXBuildFile; fileRef = 7E2ADC671A098E6500370DF4 /* MapViewController.swift */; };
		7E2ADC6B1A098E6500370DF4 /* Main.storyboard in Resources */ = {isa = PBXBuildFile; fileRef = 7E2ADC691A098E6500370DF4 /* Main.storyboard */; };
		7E2ADC6D1A098E6500370DF4 /* Images.xcassets in Resources */ = {isa = PBXBuildFile; fileRef = 7E2ADC6C1A098E6500370DF4 /* Images.xcassets */; };
		7E2ADC701A098E6500370DF4 /* LaunchScreen.xib in Resources */ = {isa = PBXBuildFile; fileRef = 7E2ADC6E1A098E6500370DF4 /* LaunchScreen.xib */; };
		7E2ADC7C1A098E6500370DF4 /* Where_In_The_World_Tests.swift in Sources */ = {isa = PBXBuildFile; fileRef = 7E2ADC7B1A098E6500370DF4 /* Where_In_The_World_Tests.swift */; };
		7E4044391A0AD49D005394D0 /* MapKit.framework in Frameworks */ = {isa = PBXBuildFile; fileRef = 7E4044381A0AD49D005394D0 /* MapKit.framework */; };
		7E40443C1A0AD4E1005394D0 /* CloudKit.framework in Frameworks */ = {isa = PBXBuildFile; fileRef = 7E40443B1A0AD4E1005394D0 /* CloudKit.framework */; };
		7E40443E1A0AD615005394D0 /* ReminderTableViewController.swift in Sources */ = {isa = PBXBuildFile; fileRef = 7E40443D1A0AD615005394D0 /* ReminderTableViewController.swift */; };
		7E8415A21A09F7EC006BCAB7 /* Reminder.swift in Sources */ = {isa = PBXBuildFile; fileRef = 7E8415A11A09F7EC006BCAB7 /* Reminder.swift */; };
		7EE1B90E1A09B33700208110 /* AddReminderViewController.swift in Sources */ = {isa = PBXBuildFile; fileRef = 7EE1B90C1A09B33700208110 /* AddReminderViewController.swift */; };
		7EE1B90F1A09B33700208110 /* AddReminderViewController.xib in Resources */ = {isa = PBXBuildFile; fileRef = 7EE1B90D1A09B33700208110 /* AddReminderViewController.xib */; };
/* End PBXBuildFile section */

/* Begin PBXContainerItemProxy section */
		7E2ADC761A098E6500370DF4 /* PBXContainerItemProxy */ = {
			isa = PBXContainerItemProxy;
			containerPortal = 7E2ADC551A098E6500370DF4 /* Project object */;
			proxyType = 1;
			remoteGlobalIDString = 7E2ADC5C1A098E6500370DF4;
			remoteInfo = "Where In The World?";
		};
/* End PBXContainerItemProxy section */

/* Begin PBXFileReference section */
		7E2ADC5D1A098E6500370DF4 /* Where In The World?.app */ = {isa = PBXFileReference; explicitFileType = wrapper.application; includeInIndex = 0; path = "Where In The World?.app"; sourceTree = BUILT_PRODUCTS_DIR; };
		7E2ADC611A098E6500370DF4 /* Info.plist */ = {isa = PBXFileReference; lastKnownFileType = text.plist.xml; path = Info.plist; sourceTree = "<group>"; };
		7E2ADC621A098E6500370DF4 /* AppDelegate.swift */ = {isa = PBXFileReference; lastKnownFileType = sourcecode.swift; path = AppDelegate.swift; sourceTree = "<group>"; };
		7E2ADC651A098E6500370DF4 /* Where_In_The_World_.xcdatamodel */ = {isa = PBXFileReference; lastKnownFileType = wrapper.xcdatamodel; path = Where_In_The_World_.xcdatamodel; sourceTree = "<group>"; };
		7E2ADC671A098E6500370DF4 /* MapViewController.swift */ = {isa = PBXFileReference; lastKnownFileType = sourcecode.swift; path = MapViewController.swift; sourceTree = "<group>"; };
		7E2ADC6A1A098E6500370DF4 /* Base */ = {isa = PBXFileReference; lastKnownFileType = file.storyboard; name = Base; path = Base.lproj/Main.storyboard; sourceTree = "<group>"; };
		7E2ADC6C1A098E6500370DF4 /* Images.xcassets */ = {isa = PBXFileReference; lastKnownFileType = folder.assetcatalog; path = Images.xcassets; sourceTree = "<group>"; };
		7E2ADC6F1A098E6500370DF4 /* Base */ = {isa = PBXFileReference; lastKnownFileType = file.xib; name = Base; path = Base.lproj/LaunchScreen.xib; sourceTree = "<group>"; };
		7E2ADC751A098E6500370DF4 /* Where In The World?Tests.xctest */ = {isa = PBXFileReference; explicitFileType = wrapper.cfbundle; includeInIndex = 0; path = "Where In The World?Tests.xctest"; sourceTree = BUILT_PRODUCTS_DIR; };
		7E2ADC7A1A098E6500370DF4 /* Info.plist */ = {isa = PBXFileReference; lastKnownFileType = text.plist.xml; path = Info.plist; sourceTree = "<group>"; };
		7E2ADC7B1A098E6500370DF4 /* Where_In_The_World_Tests.swift */ = {isa = PBXFileReference; lastKnownFileType = sourcecode.swift; path = Where_In_The_World_Tests.swift; sourceTree = "<group>"; };
		7E4044381A0AD49D005394D0 /* MapKit.framework */ = {isa = PBXFileReference; lastKnownFileType = wrapper.framework; name = MapKit.framework; path = System/Library/Frameworks/MapKit.framework; sourceTree = SDKROOT; };
		7E40443A1A0AD4D9005394D0 /* Where In The World?.entitlements */ = {isa = PBXFileReference; lastKnownFileType = text.xml; path = "Where In The World?.entitlements"; sourceTree = "<group>"; };
		7E40443B1A0AD4E1005394D0 /* CloudKit.framework */ = {isa = PBXFileReference; lastKnownFileType = wrapper.framework; name = CloudKit.framework; path = System/Library/Frameworks/CloudKit.framework; sourceTree = SDKROOT; };
		7E40443D1A0AD615005394D0 /* ReminderTableViewController.swift */ = {isa = PBXFileReference; fileEncoding = 4; lastKnownFileType = sourcecode.swift; path = ReminderTableViewController.swift; sourceTree = "<group>"; };
		7E8415A11A09F7EC006BCAB7 /* Reminder.swift */ = {isa = PBXFileReference; fileEncoding = 4; lastKnownFileType = sourcecode.swift; path = Reminder.swift; sourceTree = "<group>"; };
		7EE1B90C1A09B33700208110 /* AddReminderViewController.swift */ = {isa = PBXFileReference; fileEncoding = 4; lastKnownFileType = sourcecode.swift; path = AddReminderViewController.swift; sourceTree = "<group>"; };
		7EE1B90D1A09B33700208110 /* AddReminderViewController.xib */ = {isa = PBXFileReference; fileEncoding = 4; lastKnownFileType = file.xib; path = AddReminderViewController.xib; sourceTree = "<group>"; };
/* End PBXFileReference section */

/* Begin PBXFrameworksBuildPhase section */
		7E2ADC5A1A098E6500370DF4 /* Frameworks */ = {
			isa = PBXFrameworksBuildPhase;
			buildActionMask = 2147483647;
			files = (
				7E4044391A0AD49D005394D0 /* MapKit.framework in Frameworks */,
				7E40443C1A0AD4E1005394D0 /* CloudKit.framework in Frameworks */,
			);
			runOnlyForDeploymentPostprocessing = 0;
		};
		7E2ADC721A098E6500370DF4 /* Frameworks */ = {
			isa = PBXFrameworksBuildPhase;
			buildActionMask = 2147483647;
			files = (
			);
			runOnlyForDeploymentPostprocessing = 0;
		};
/* End PBXFrameworksBuildPhase section */

/* Begin PBXGroup section */
		7E2ADC541A098E6500370DF4 = {
			isa = PBXGroup;
			children = (
				7E40443B1A0AD4E1005394D0 /* CloudKit.framework */,
				7E4044381A0AD49D005394D0 /* MapKit.framework */,
				7E2ADC5F1A098E6500370DF4 /* Where In The World? */,
				7E2ADC781A098E6500370DF4 /* Where In The World?Tests */,
				7E2ADC5E1A098E6500370DF4 /* Products */,
			);
			sourceTree = "<group>";
		};
		7E2ADC5E1A098E6500370DF4 /* Products */ = {
			isa = PBXGroup;
			children = (
				7E2ADC5D1A098E6500370DF4 /* Where In The World?.app */,
				7E2ADC751A098E6500370DF4 /* Where In The World?Tests.xctest */,
			);
			name = Products;
			sourceTree = "<group>";
		};
		7E2ADC5F1A098E6500370DF4 /* Where In The World? */ = {
			isa = PBXGroup;
			children = (
				7E40443A1A0AD4D9005394D0 /* Where In The World?.entitlements */,
				7E84159D1A09F1A1006BCAB7 /* Controller Layer */,
				7E84159E1A09F1B1006BCAB7 /* View Layer */,
				7E8415A31A09F80A006BCAB7 /* Model Layer */,
				7E2ADC6C1A098E6500370DF4 /* Images.xcassets */,
				7E2ADC641A098E6500370DF4 /* Where_In_The_World_.xcdatamodeld */,
				7E2ADC601A098E6500370DF4 /* Supporting Files */,
			);
			path = "Where In The World?";
			sourceTree = "<group>";
		};
		7E2ADC601A098E6500370DF4 /* Supporting Files */ = {
			isa = PBXGroup;
			children = (
				7E2ADC611A098E6500370DF4 /* Info.plist */,
			);
			name = "Supporting Files";
			sourceTree = "<group>";
		};
		7E2ADC781A098E6500370DF4 /* Where In The World?Tests */ = {
			isa = PBXGroup;
			children = (
				7E2ADC7B1A098E6500370DF4 /* Where_In_The_World_Tests.swift */,
				7E2ADC791A098E6500370DF4 /* Supporting Files */,
			);
			path = "Where In The World?Tests";
			sourceTree = "<group>";
		};
		7E2ADC791A098E6500370DF4 /* Supporting Files */ = {
			isa = PBXGroup;
			children = (
				7E2ADC7A1A098E6500370DF4 /* Info.plist */,
			);
			name = "Supporting Files";
			sourceTree = "<group>";
		};
		7E84159D1A09F1A1006BCAB7 /* Controller Layer */ = {
			isa = PBXGroup;
			children = (
				7E2ADC671A098E6500370DF4 /* MapViewController.swift */,
				7E40443D1A0AD615005394D0 /* ReminderTableViewController.swift */,
				7EE1B90C1A09B33700208110 /* AddReminderViewController.swift */,
				7E2ADC621A098E6500370DF4 /* AppDelegate.swift */,
			);
			name = "Controller Layer";
			sourceTree = "<group>";
		};
		7E84159E1A09F1B1006BCAB7 /* View Layer */ = {
			isa = PBXGroup;
			children = (
				7E2ADC691A098E6500370DF4 /* Main.storyboard */,
				7EE1B90D1A09B33700208110 /* AddReminderViewController.xib */,
				7E2ADC6E1A098E6500370DF4 /* LaunchScreen.xib */,
			);
			name = "View Layer";
			sourceTree = "<group>";
		};
		7E8415A31A09F80A006BCAB7 /* Model Layer */ = {
			isa = PBXGroup;
			children = (
				7E8415A11A09F7EC006BCAB7 /* Reminder.swift */,
			);
			name = "Model Layer";
			sourceTree = "<group>";
		};
/* End PBXGroup section */

/* Begin PBXNativeTarget section */
		7E2ADC5C1A098E6500370DF4 /* Where In The World? */ = {
			isa = PBXNativeTarget;
			buildConfigurationList = 7E2ADC7F1A098E6500370DF4 /* Build configuration list for PBXNativeTarget "Where In The World?" */;
			buildPhases = (
				7E2ADC591A098E6500370DF4 /* Sources */,
				7E2ADC5A1A098E6500370DF4 /* Frameworks */,
				7E2ADC5B1A098E6500370DF4 /* Resources */,
			);
			buildRules = (
			);
			dependencies = (
			);
			name = "Where In The World?";
			productName = "Where In The World?";
			productReference = 7E2ADC5D1A098E6500370DF4 /* Where In The World?.app */;
			productType = "com.apple.product-type.application";
		};
		7E2ADC741A098E6500370DF4 /* Where In The World?Tests */ = {
			isa = PBXNativeTarget;
			buildConfigurationList = 7E2ADC821A098E6500370DF4 /* Build configuration list for PBXNativeTarget "Where In The World?Tests" */;
			buildPhases = (
				7E2ADC711A098E6500370DF4 /* Sources */,
				7E2ADC721A098E6500370DF4 /* Frameworks */,
				7E2ADC731A098E6500370DF4 /* Resources */,
			);
			buildRules = (
			);
			dependencies = (
				7E2ADC771A098E6500370DF4 /* PBXTargetDependency */,
			);
			name = "Where In The World?Tests";
			productName = "Where In The World?Tests";
			productReference = 7E2ADC751A098E6500370DF4 /* Where In The World?Tests.xctest */;
			productType = "com.apple.product-type.bundle.unit-test";
		};
/* End PBXNativeTarget section */

/* Begin PBXProject section */
		7E2ADC551A098E6500370DF4 /* Project object */ = {
			isa = PBXProject;
			attributes = {
				LastUpgradeCheck = 0610;
				ORGANIZATIONNAME = "Cameron Klein";
				TargetAttributes = {
					7E2ADC5C1A098E6500370DF4 = {
						CreatedOnToolsVersion = 6.1;
						DevelopmentTeam = 6X3539QT5M;
						SystemCapabilities = {
							com.apple.Maps.iOS = {
								enabled = 1;
							};
							com.apple.iCloud = {
								enabled = 1;
							};
						};
					};
					7E2ADC741A098E6500370DF4 = {
						CreatedOnToolsVersion = 6.1;
						TestTargetID = 7E2ADC5C1A098E6500370DF4;
					};
				};
			};
			buildConfigurationList = 7E2ADC581A098E6500370DF4 /* Build configuration list for PBXProject "Where In The World?" */;
			compatibilityVersion = "Xcode 3.2";
			developmentRegion = English;
			hasScannedForEncodings = 0;
			knownRegions = (
				en,
				Base,
			);
			mainGroup = 7E2ADC541A098E6500370DF4;
			productRefGroup = 7E2ADC5E1A098E6500370DF4 /* Products */;
			projectDirPath = "";
			projectRoot = "";
			targets = (
				7E2ADC5C1A098E6500370DF4 /* Where In The World? */,
				7E2ADC741A098E6500370DF4 /* Where In The World?Tests */,
			);
		};
/* End PBXProject section */

/* Begin PBXResourcesBuildPhase section */
		7E2ADC5B1A098E6500370DF4 /* Resources */ = {
			isa = PBXResourcesBuildPhase;
			buildActionMask = 2147483647;
			files = (
				7EE1B90F1A09B33700208110 /* AddReminderViewController.xib in Resources */,
				7E2ADC6B1A098E6500370DF4 /* Main.storyboard in Resources */,
				7E2ADC701A098E6500370DF4 /* LaunchScreen.xib in Resources */,
				7E2ADC6D1A098E6500370DF4 /* Images.xcassets in Resources */,
			);
			runOnlyForDeploymentPostprocessing = 0;
		};
		7E2ADC731A098E6500370DF4 /* Resources */ = {
			isa = PBXResourcesBuildPhase;
			buildActionMask = 2147483647;
			files = (
			);
			runOnlyForDeploymentPostprocessing = 0;
		};
/* End PBXResourcesBuildPhase section */

/* Begin PBXSourcesBuildPhase section */
		7E2ADC591A098E6500370DF4 /* Sources */ = {
			isa = PBXSourcesBuildPhase;
			buildActionMask = 2147483647;
			files = (
				7EE1B90E1A09B33700208110 /* AddReminderViewController.swift in Sources */,
				7E2ADC681A098E6500370DF4 /* MapViewController.swift in Sources */,
				7E2ADC661A098E6500370DF4 /* Where_In_The_World_.xcdatamodeld in Sources */,
				7E2ADC631A098E6500370DF4 /* AppDelegate.swift in Sources */,
				7E8415A21A09F7EC006BCAB7 /* Reminder.swift in Sources */,
				7E40443E1A0AD615005394D0 /* ReminderTableViewController.swift in Sources */,
			);
			runOnlyForDeploymentPostprocessing = 0;
		};
		7E2ADC711A098E6500370DF4 /* Sources */ = {
			isa = PBXSourcesBuildPhase;
			buildActionMask = 2147483647;
			files = (
				7E2ADC7C1A098E6500370DF4 /* Where_In_The_World_Tests.swift in Sources */,
			);
			runOnlyForDeploymentPostprocessing = 0;
		};
/* End PBXSourcesBuildPhase section */

/* Begin PBXTargetDependency section */
		7E2ADC771A098E6500370DF4 /* PBXTargetDependency */ = {
			isa = PBXTargetDependency;
			target = 7E2ADC5C1A098E6500370DF4 /* Where In The World? */;
			targetProxy = 7E2ADC761A098E6500370DF4 /* PBXContainerItemProxy */;
		};
/* End PBXTargetDependency section */

/* Begin PBXVariantGroup section */
		7E2ADC691A098E6500370DF4 /* Main.storyboard */ = {
			isa = PBXVariantGroup;
			children = (
				7E2ADC6A1A098E6500370DF4 /* Base */,
			);
			name = Main.storyboard;
			sourceTree = "<group>";
		};
		7E2ADC6E1A098E6500370DF4 /* LaunchScreen.xib */ = {
			isa = PBXVariantGroup;
			children = (
				7E2ADC6F1A098E6500370DF4 /* Base */,
			);
			name = LaunchScreen.xib;
			sourceTree = "<group>";
		};
/* End PBXVariantGroup section */

/* Begin XCBuildConfiguration section */
		7E2ADC7D1A098E6500370DF4 /* Debug */ = {
			isa = XCBuildConfiguration;
			buildSettings = {
				ALWAYS_SEARCH_USER_PATHS = NO;
				CLANG_CXX_LANGUAGE_STANDARD = "gnu++0x";
				CLANG_CXX_LIBRARY = "libc++";
				CLANG_ENABLE_MODULES = YES;
				CLANG_ENABLE_OBJC_ARC = YES;
				CLANG_WARN_BOOL_CONVERSION = YES;
				CLANG_WARN_CONSTANT_CONVERSION = YES;
				CLANG_WARN_DIRECT_OBJC_ISA_USAGE = YES_ERROR;
				CLANG_WARN_EMPTY_BODY = YES;
				CLANG_WARN_ENUM_CONVERSION = YES;
				CLANG_WARN_INT_CONVERSION = YES;
				CLANG_WARN_OBJC_ROOT_CLASS = YES_ERROR;
				CLANG_WARN_UNREACHABLE_CODE = YES;
				CLANG_WARN__DUPLICATE_METHOD_MATCH = YES;
				"CODE_SIGN_IDENTITY[sdk=iphoneos*]" = "iPhone Developer";
				COPY_PHASE_STRIP = NO;
				ENABLE_STRICT_OBJC_MSGSEND = YES;
				GCC_C_LANGUAGE_STANDARD = gnu99;
				GCC_DYNAMIC_NO_PIC = NO;
				GCC_OPTIMIZATION_LEVEL = 0;
				GCC_PREPROCESSOR_DEFINITIONS = (
					"DEBUG=1",
					"$(inherited)",
				);
				GCC_SYMBOLS_PRIVATE_EXTERN = NO;
				GCC_WARN_64_TO_32_BIT_CONVERSION = YES;
				GCC_WARN_ABOUT_RETURN_TYPE = YES_ERROR;
				GCC_WARN_UNDECLARED_SELECTOR = YES;
				GCC_WARN_UNINITIALIZED_AUTOS = YES_AGGRESSIVE;
				GCC_WARN_UNUSED_FUNCTION = YES;
				GCC_WARN_UNUSED_VARIABLE = YES;
				IPHONEOS_DEPLOYMENT_TARGET = 8.1;
				MTL_ENABLE_DEBUG_INFO = YES;
				ONLY_ACTIVE_ARCH = YES;
				SDKROOT = iphoneos;
				SWIFT_OPTIMIZATION_LEVEL = "-Onone";
				TARGETED_DEVICE_FAMILY = "1,2";
			};
			name = Debug;
		};
		7E2ADC7E1A098E6500370DF4 /* Release */ = {
			isa = XCBuildConfiguration;
			buildSettings = {
				ALWAYS_SEARCH_USER_PATHS = NO;
				CLANG_CXX_LANGUAGE_STANDARD = "gnu++0x";
				CLANG_CXX_LIBRARY = "libc++";
				CLANG_ENABLE_MODULES = YES;
				CLANG_ENABLE_OBJC_ARC = YES;
				CLANG_WARN_BOOL_CONVERSION = YES;
				CLANG_WARN_CONSTANT_CONVERSION = YES;
				CLANG_WARN_DIRECT_OBJC_ISA_USAGE = YES_ERROR;
				CLANG_WARN_EMPTY_BODY = YES;
				CLANG_WARN_ENUM_CONVERSION = YES;
				CLANG_WARN_INT_CONVERSION = YES;
				CLANG_WARN_OBJC_ROOT_CLASS = YES_ERROR;
				CLANG_WARN_UNREACHABLE_CODE = YES;
				CLANG_WARN__DUPLICATE_METHOD_MATCH = YES;
				"CODE_SIGN_IDENTITY[sdk=iphoneos*]" = "iPhone Developer";
				COPY_PHASE_STRIP = YES;
				ENABLE_NS_ASSERTIONS = NO;
				ENABLE_STRICT_OBJC_MSGSEND = YES;
				GCC_C_LANGUAGE_STANDARD = gnu99;
				GCC_WARN_64_TO_32_BIT_CONVERSION = YES;
				GCC_WARN_ABOUT_RETURN_TYPE = YES_ERROR;
				GCC_WARN_UNDECLARED_SELECTOR = YES;
				GCC_WARN_UNINITIALIZED_AUTOS = YES_AGGRESSIVE;
				GCC_WARN_UNUSED_FUNCTION = YES;
				GCC_WARN_UNUSED_VARIABLE = YES;
				IPHONEOS_DEPLOYMENT_TARGET = 8.1;
				MTL_ENABLE_DEBUG_INFO = NO;
				SDKROOT = iphoneos;
				TARGETED_DEVICE_FAMILY = "1,2";
				VALIDATE_PRODUCT = YES;
			};
			name = Release;
		};
		7E2ADC801A098E6500370DF4 /* Debug */ = {
			isa = XCBuildConfiguration;
			buildSettings = {
				ASSETCATALOG_COMPILER_APPICON_NAME = AppIcon;
				CODE_SIGN_ENTITLEMENTS = "Where In The World?/Where In The World?.entitlements";
				CODE_SIGN_IDENTITY = "iPhone Developer";
				"CODE_SIGN_IDENTITY[sdk=iphoneos*]" = "iPhone Developer";
				INFOPLIST_FILE = "Where In The World?/Info.plist";
				LD_RUNPATH_SEARCH_PATHS = "$(inherited) @executable_path/Frameworks";
				PRODUCT_NAME = "$(TARGET_NAME)";
				PROVISIONING_PROFILE = "";
			};
			name = Debug;
		};
		7E2ADC811A098E6500370DF4 /* Release */ = {
			isa = XCBuildConfiguration;
			buildSettings = {
				ASSETCATALOG_COMPILER_APPICON_NAME = AppIcon;
				CODE_SIGN_ENTITLEMENTS = "Where In The World?/Where In The World?.entitlements";
				CODE_SIGN_IDENTITY = "iPhone Developer";
				"CODE_SIGN_IDENTITY[sdk=iphoneos*]" = "iPhone Developer";
				INFOPLIST_FILE = "Where In The World?/Info.plist";
				LD_RUNPATH_SEARCH_PATHS = "$(inherited) @executable_path/Frameworks";
				PRODUCT_NAME = "$(TARGET_NAME)";
				PROVISIONING_PROFILE = "";
			};
			name = Release;
		};
		7E2ADC831A098E6500370DF4 /* Debug */ = {
			isa = XCBuildConfiguration;
			buildSettings = {
				BUNDLE_LOADER = "$(TEST_HOST)";
				FRAMEWORK_SEARCH_PATHS = (
					"$(SDKROOT)/Developer/Library/Frameworks",
					"$(inherited)",
				);
				GCC_PREPROCESSOR_DEFINITIONS = (
					"DEBUG=1",
					"$(inherited)",
				);
				INFOPLIST_FILE = "Where In The World?Tests/Info.plist";
				LD_RUNPATH_SEARCH_PATHS = "$(inherited) @executable_path/Frameworks @loader_path/Frameworks";
				PRODUCT_NAME = "$(TARGET_NAME)";
				TEST_HOST = "$(BUILT_PRODUCTS_DIR)/Where In The World?.app/Where In The World?";
			};
			name = Debug;
		};
		7E2ADC841A098E6500370DF4 /* Release */ = {
			isa = XCBuildConfiguration;
			buildSettings = {
				BUNDLE_LOADER = "$(TEST_HOST)";
				FRAMEWORK_SEARCH_PATHS = (
					"$(SDKROOT)/Developer/Library/Frameworks",
					"$(inherited)",
				);
				INFOPLIST_FILE = "Where In The World?Tests/Info.plist";
				LD_RUNPATH_SEARCH_PATHS = "$(inherited) @executable_path/Frameworks @loader_path/Frameworks";
				PRODUCT_NAME = "$(TARGET_NAME)";
				TEST_HOST = "$(BUILT_PRODUCTS_DIR)/Where In The World?.app/Where In The World?";
			};
			name = Release;
		};
/* End XCBuildConfiguration section */

/* Begin XCConfigurationList section */
		7E2ADC581A098E6500370DF4 /* Build configuration list for PBXProject "Where In The World?" */ = {
			isa = XCConfigurationList;
			buildConfigurations = (
				7E2ADC7D1A098E6500370DF4 /* Debug */,
				7E2ADC7E1A098E6500370DF4 /* Release */,
			);
			defaultConfigurationIsVisible = 0;
			defaultConfigurationName = Release;
		};
		7E2ADC7F1A098E6500370DF4 /* Build configuration list for PBXNativeTarget "Where In The World?" */ = {
			isa = XCConfigurationList;
			buildConfigurations = (
				7E2ADC801A098E6500370DF4 /* Debug */,
				7E2ADC811A098E6500370DF4 /* Release */,
			);
			defaultConfigurationIsVisible = 0;
			defaultConfigurationName = Release;
		};
		7E2ADC821A098E6500370DF4 /* Build configuration list for PBXNativeTarget "Where In The World?Tests" */ = {
			isa = XCConfigurationList;
			buildConfigurations = (
				7E2ADC831A098E6500370DF4 /* Debug */,
				7E2ADC841A098E6500370DF4 /* Release */,
			);
			defaultConfigurationIsVisible = 0;
			defaultConfigurationName = Release;
		};
/* End XCConfigurationList section */

/* Begin XCVersionGroup section */
		7E2ADC641A098E6500370DF4 /* Where_In_The_World_.xcdatamodeld */ = {
			isa = XCVersionGroup;
			children = (
				7E2ADC651A098E6500370DF4 /* Where_In_The_World_.xcdatamodel */,
			);
			currentVersion = 7E2ADC651A098E6500370DF4 /* Where_In_The_World_.xcdatamodel */;
			path = Where_In_The_World_.xcdatamodeld;
			sourceTree = "<group>";
			versionGroupType = wrapper.xcdatamodel;
		};
/* End XCVersionGroup section */
	};
	rootObject = 7E2ADC551A098E6500370DF4 /* Project object */;
}
